{
  "requires": true,
  "lockfileVersion": 1,
  "dependencies": {
    "@angular/http": {
      "version": "2.1.2",
      "resolved": "https://registry.npmjs.org/@angular/http/-/http-2.1.2.tgz",
      "integrity": "sha1-UKqWw7aKRLmOP4N4hsluWTDrVDo="
    },
    "bootstrap": {
      "version": "4.5.3",
      "resolved": "https://registry.npmjs.org/bootstrap/-/bootstrap-4.5.3.tgz",
      "integrity": "sha512-o9ppKQioXGqhw8Z7mah6KdTYpNQY//tipnkxppWhPbiSWdD+1raYsnhwEZjkTHYbGee4cVQ0Rx65EhOY/HNLcQ=="
    }
  }
}
